
Microsoft Visual Studio Solution File, Format Version 12.00
# Visual Studio Version 17
VisualStudioVersion = 17.14.35821.62 d17.14
MinimumVisualStudioVersion = 10.0.40219.1
Project("{FAE04EC0-301F-11D3-BF4B-00C04F79EFBC}") = "WebApplicationJenkinsmj", "WebApplicationJenkinsmj\WebApplicationJenkinsmj.csproj", "{11AD2F66-6320-4940-A6DF-A8CAC263A41C}"
EndProject
Global
	GlobalSection(SolutionConfigurationPlatforms) = preSolution
		Debug|Any CPU = Debug|Any CPU
		Release|Any CPU = Release|Any CPU
	EndGlobalSection
	GlobalSection(ProjectConfigurationPlatforms) = postSolution
		{11AD2F66-6320-4940-A6DF-A8CAC263A41C}.Debug|Any CPU.ActiveCfg = Debug|Any CPU
		{11AD2F66-6320-4940-A6DF-A8CAC263A41C}.Debug|Any CPU.Build.0 = Debug|Any CPU
		{11AD2F66-6320-4940-A6DF-A8CAC263A41C}.Release|Any CPU.ActiveCfg = Release|Any CPU
		{11AD2F66-6320-4940-A6DF-A8CAC263A41C}.Release|Any CPU.Build.0 = Release|Any CPU
	EndGlobalSection
	GlobalSection(SolutionProperties) = preSolution
		HideSolutionNode = FALSE
	EndGlobalSection
	GlobalSection(ExtensibilityGlobals) = postSolution
		SolutionGuid = {7436F81F-D068-4934-B0D7-A3ED4BAD080A}
	EndGlobalSection
EndGlobal
